
Microsoft Visual Studio Solution File, Format Version 12.00
# Visual Studio Version 17
VisualStudioVersion = 17.0.31903.59
MinimumVisualStudioVersion = 10.0.40219.1
Project("{FAE04EC0-301F-11D3-BF4B-00C04F79EFBC}") = "Utils", "Utils\Utils.csproj", "{8688C249-DBF1-4895-8FCB-7AE022628312}"
EndProject
Project("{FAE04EC0-301F-11D3-BF4B-00C04F79EFBC}") = "Day1", "Day1\Day1.csproj", "{FFC4DF56-2F10-4DA6-8D62-34A3F954A56F}"
EndProject
Project("{FAE04EC0-301F-11D3-BF4B-00C04F79EFBC}") = "Day2", "Day2\Day2.csproj", "{7303C56C-C8DC-4CF5-B42E-340038A9B185}"
EndProject
Project("{FAE04EC0-301F-11D3-BF4B-00C04F79EFBC}") = "Day3", "Day3\Day3.csproj", "{CE02BDC6-2254-4176-8FBB-457AEDB3655D}"
EndProject
Project("{FAE04EC0-301F-11D3-BF4B-00C04F79EFBC}") = "Day4", "Day4\Day4.csproj", "{EB90A40C-0AAF-41E1-929C-0E95C251DA54}"
EndProject
Project("{FAE04EC0-301F-11D3-BF4B-00C04F79EFBC}") = "Day5", "Day5\Day5.csproj", "{8EF034C8-1DEC-4501-94B4-86821D3E5A6F}"
EndProject
Global
	GlobalSection(SolutionConfigurationPlatforms) = preSolution
		Debug|Any CPU = Debug|Any CPU
		Release|Any CPU = Release|Any CPU
	EndGlobalSection
	GlobalSection(SolutionProperties) = preSolution
		HideSolutionNode = FALSE
	EndGlobalSection
	GlobalSection(ProjectConfigurationPlatforms) = postSolution
		{8688C249-DBF1-4895-8FCB-7AE022628312}.Debug|Any CPU.ActiveCfg = Debug|Any CPU
		{8688C249-DBF1-4895-8FCB-7AE022628312}.Debug|Any CPU.Build.0 = Debug|Any CPU
		{8688C249-DBF1-4895-8FCB-7AE022628312}.Release|Any CPU.ActiveCfg = Release|Any CPU
		{8688C249-DBF1-4895-8FCB-7AE022628312}.Release|Any CPU.Build.0 = Release|Any CPU
		{FFC4DF56-2F10-4DA6-8D62-34A3F954A56F}.Debug|Any CPU.ActiveCfg = Debug|Any CPU
		{FFC4DF56-2F10-4DA6-8D62-34A3F954A56F}.Debug|Any CPU.Build.0 = Debug|Any CPU
		{FFC4DF56-2F10-4DA6-8D62-34A3F954A56F}.Release|Any CPU.ActiveCfg = Release|Any CPU
		{FFC4DF56-2F10-4DA6-8D62-34A3F954A56F}.Release|Any CPU.Build.0 = Release|Any CPU
		{7303C56C-C8DC-4CF5-B42E-340038A9B185}.Debug|Any CPU.ActiveCfg = Debug|Any CPU
		{7303C56C-C8DC-4CF5-B42E-340038A9B185}.Debug|Any CPU.Build.0 = Debug|Any CPU
		{7303C56C-C8DC-4CF5-B42E-340038A9B185}.Release|Any CPU.ActiveCfg = Release|Any CPU
		{7303C56C-C8DC-4CF5-B42E-340038A9B185}.Release|Any CPU.Build.0 = Release|Any CPU
		{CE02BDC6-2254-4176-8FBB-457AEDB3655D}.Debug|Any CPU.ActiveCfg = Debug|Any CPU
		{CE02BDC6-2254-4176-8FBB-457AEDB3655D}.Debug|Any CPU.Build.0 = Debug|Any CPU
		{CE02BDC6-2254-4176-8FBB-457AEDB3655D}.Release|Any CPU.ActiveCfg = Release|Any CPU
		{CE02BDC6-2254-4176-8FBB-457AEDB3655D}.Release|Any CPU.Build.0 = Release|Any CPU
		{EB90A40C-0AAF-41E1-929C-0E95C251DA54}.Debug|Any CPU.ActiveCfg = Debug|Any CPU
		{EB90A40C-0AAF-41E1-929C-0E95C251DA54}.Debug|Any CPU.Build.0 = Debug|Any CPU
		{EB90A40C-0AAF-41E1-929C-0E95C251DA54}.Release|Any CPU.ActiveCfg = Release|Any CPU
		{EB90A40C-0AAF-41E1-929C-0E95C251DA54}.Release|Any CPU.Build.0 = Release|Any CPU
		{8EF034C8-1DEC-4501-94B4-86821D3E5A6F}.Debug|Any CPU.ActiveCfg = Debug|Any CPU
		{8EF034C8-1DEC-4501-94B4-86821D3E5A6F}.Debug|Any CPU.Build.0 = Debug|Any CPU
		{8EF034C8-1DEC-4501-94B4-86821D3E5A6F}.Release|Any CPU.ActiveCfg = Release|Any CPU
		{8EF034C8-1DEC-4501-94B4-86821D3E5A6F}.Release|Any CPU.Build.0 = Release|Any CPU
	EndGlobalSection
EndGlobal
